
Microsoft Visual Studio Solution File, Format Version 12.00
# Visual Studio Version 16
VisualStudioVersion = 16.0.31624.102
MinimumVisualStudioVersion = 10.0.40219.1
Project("{FAE04EC0-301F-11D3-BF4B-00C04F79EFBC}") = "MazeFinder", "MazeFinder.csproj", "{28576F6A-1534-47F4-80D4-5C5CB1725961}"
EndProject
Global
	GlobalSection(SolutionConfigurationPlatforms) = preSolution
		Debug|Any CPU = Debug|Any CPU
		Release|Any CPU = Release|Any CPU
	EndGlobalSection
	GlobalSection(ProjectConfigurationPlatforms) = postSolution
		{28576F6A-1534-47F4-80D4-5C5CB1725961}.Debug|Any CPU.ActiveCfg = Debug|Any CPU
		{28576F6A-1534-47F4-80D4-5C5CB1725961}.Debug|Any CPU.Build.0 = Debug|Any CPU
		{28576F6A-1534-47F4-80D4-5C5CB1725961}.Release|Any CPU.ActiveCfg = Release|Any CPU
		{28576F6A-1534-47F4-80D4-5C5CB1725961}.Release|Any CPU.Build.0 = Release|Any CPU
	EndGlobalSection
	GlobalSection(SolutionProperties) = preSolution
		HideSolutionNode = FALSE
	EndGlobalSection
	GlobalSection(ExtensibilityGlobals) = postSolution
		SolutionGuid = {76499E8A-B435-4002-95EA-E202356D5207}
	EndGlobalSection
EndGlobal
